// !$*UTF8*$!
{
	archiveVersion = 1;
	classes = {
	};
	objectVersion = 51;
	objects = {

/* Begin PBXBuildFile section */
		08364BCA00E486B410D1052D /* Pods_Instagram.framework in Frameworks */ = {isa = PBXBuildFile; fileRef = AADD3FFF504F25BFAD5A8544 /* Pods_Instagram.framework */; };
		0C41AD6425825480003DECBF /* Property List.plist in Resources */ = {isa = PBXBuildFile; fileRef = 0C41AD6325825480003DECBF /* Property List.plist */; };
		0C41AD9F2586295B003DECBF /* CFNetwork.framework in Frameworks */ = {isa = PBXBuildFile; fileRef = 0C41AD9D25862956003DECBF /* CFNetwork.framework */; };
		0C4AD67725B337D4003789EB /* Models.swift in Sources */ = {isa = PBXBuildFile; fileRef = 0C4AD67625B337D4003789EB /* Models.swift */; };
		0C4AD6A825B3F38E003789EB /* UserFollowerTableViewCell.swift in Sources */ = {isa = PBXBuildFile; fileRef = 0C4AD6A725B3F38E003789EB /* UserFollowerTableViewCell.swift */; };
		0C4AD6AD25B572B2003789EB /* NoNotificationsView.swift in Sources */ = {isa = PBXBuildFile; fileRef = 0C4AD6AC25B572B2003789EB /* NoNotificationsView.swift */; };
		0C4AD6B325B62B01003789EB /* NotficationFollowEventTableViewCell.swift in Sources */ = {isa = PBXBuildFile; fileRef = 0C4AD6B225B62B01003789EB /* NotficationFollowEventTableViewCell.swift */; };
		0C4AD6BB25B62B15003789EB /* NotificationLikeEventTableViewCell.swift in Sources */ = {isa = PBXBuildFile; fileRef = 0C4AD6BA25B62B15003789EB /* NotificationLikeEventTableViewCell.swift */; };
		0C6A3FF9257C9D7B00F40B4B /* AppDelegate.swift in Sources */ = {isa = PBXBuildFile; fileRef = 0C6A3FF8257C9D7B00F40B4B /* AppDelegate.swift */; };
		0C6A3FFB257C9D7B00F40B4B /* SceneDelegate.swift in Sources */ = {isa = PBXBuildFile; fileRef = 0C6A3FFA257C9D7B00F40B4B /* SceneDelegate.swift */; };
		0C6A3FFD257C9D7B00F40B4B /* HomeViewController.swift in Sources */ = {isa = PBXBuildFile; fileRef = 0C6A3FFC257C9D7B00F40B4B /* HomeViewController.swift */; };
		0C6A4000257C9D7B00F40B4B /* Main.storyboard in Resources */ = {isa = PBXBuildFile; fileRef = 0C6A3FFE257C9D7B00F40B4B /* Main.storyboard */; };
		0C6A4002257C9D8200F40B4B /* Assets.xcassets in Resources */ = {isa = PBXBuildFile; fileRef = 0C6A4001257C9D8200F40B4B /* Assets.xcassets */; };
		0C6A4005257C9D8200F40B4B /* LaunchScreen.storyboard in Resources */ = {isa = PBXBuildFile; fileRef = 0C6A4003257C9D8200F40B4B /* LaunchScreen.storyboard */; };
		0C6A4010257C9D8400F40B4B /* InstagramTests.swift in Sources */ = {isa = PBXBuildFile; fileRef = 0C6A400F257C9D8400F40B4B /* InstagramTests.swift */; };
		0C6A401B257C9D8400F40B4B /* InstagramUITests.swift in Sources */ = {isa = PBXBuildFile; fileRef = 0C6A401A257C9D8400F40B4B /* InstagramUITests.swift */; };
		0C6A4037257CA1A100F40B4B /* ExploreViewController.swift in Sources */ = {isa = PBXBuildFile; fileRef = 0C6A4036257CA1A100F40B4B /* ExploreViewController.swift */; };
		0C6A403C257CA1AD00F40B4B /* CameraViewController.swift in Sources */ = {isa = PBXBuildFile; fileRef = 0C6A403B257CA1AD00F40B4B /* CameraViewController.swift */; };
		0C6A4041257CA1B800F40B4B /* NotificationsViewController.swift in Sources */ = {isa = PBXBuildFile; fileRef = 0C6A4040257CA1B800F40B4B /* NotificationsViewController.swift */; };
		0C6A4046257CA1C300F40B4B /* ProfileViewController.swift in Sources */ = {isa = PBXBuildFile; fileRef = 0C6A4045257CA1C300F40B4B /* ProfileViewController.swift */; };
		0C6A4051257CA22800F40B4B /* LoginViewController.swift in Sources */ = {isa = PBXBuildFile; fileRef = 0C6A4050257CA22800F40B4B /* LoginViewController.swift */; };
		0C6A4059257CA24100F40B4B /* RegistrationViewController.swift in Sources */ = {isa = PBXBuildFile; fileRef = 0C6A4058257CA24100F40B4B /* RegistrationViewController.swift */; };
		0C6A405E257CA30000F40B4B /* PostViewController.swift in Sources */ = {isa = PBXBuildFile; fileRef = 0C6A405D257CA30000F40B4B /* PostViewController.swift */; };
		0C6A4063257CA30C00F40B4B /* EditProfileViewController.swift in Sources */ = {isa = PBXBuildFile; fileRef = 0C6A4062257CA30C00F40B4B /* EditProfileViewController.swift */; };
		0C6A4068257CA31900F40B4B /* SettingsViewController.swift in Sources */ = {isa = PBXBuildFile; fileRef = 0C6A4067257CA31900F40B4B /* SettingsViewController.swift */; };
		0C6A406D257CA32300F40B4B /* ListViewController.swift in Sources */ = {isa = PBXBuildFile; fileRef = 0C6A406C257CA32300F40B4B /* ListViewController.swift */; };
		0C6A4072257CA32F00F40B4B /* SearchViewController.swift in Sources */ = {isa = PBXBuildFile; fileRef = 0C6A4071257CA32F00F40B4B /* SearchViewController.swift */; };
		0C6A4077257CA33B00F40B4B /* SearchResultViewController.swift in Sources */ = {isa = PBXBuildFile; fileRef = 0C6A4076257CA33B00F40B4B /* SearchResultViewController.swift */; };
		0C6A407C257CA34C00F40B4B /* PostEditiorViewController.swift in Sources */ = {isa = PBXBuildFile; fileRef = 0C6A407B257CA34C00F40B4B /* PostEditiorViewController.swift */; };
		0C6A4081257CA36000F40B4B /* PublishPostViewController.swift in Sources */ = {isa = PBXBuildFile; fileRef = 0C6A4080257CA36000F40B4B /* PublishPostViewController.swift */; };
		0C6F0D62257D0712005AFD5A /* DatabaseManager.swift in Sources */ = {isa = PBXBuildFile; fileRef = 0C6F0D61257D0712005AFD5A /* DatabaseManager.swift */; };
		0C6F0D67257D07A9005AFD5A /* AuthManager.swift in Sources */ = {isa = PBXBuildFile; fileRef = 0C6F0D66257D07A9005AFD5A /* AuthManager.swift */; };
		0C6F0D6C257D07DA005AFD5A /* StorageManager.swift in Sources */ = {isa = PBXBuildFile; fileRef = 0C6F0D6B257D07DA005AFD5A /* StorageManager.swift */; };
		0C6F0D89257D1488005AFD5A /* Extensions.swift in Sources */ = {isa = PBXBuildFile; fileRef = 0C6F0D88257D1488005AFD5A /* Extensions.swift */; };
		0CC32DBE25AA759D008826DE /* GoogleService-Info.plist in Resources */ = {isa = PBXBuildFile; fileRef = 0CC32DBD25AA759D008826DE /* GoogleService-Info.plist */; };
		0CC32DDE25AC1290008826DE /* IGFeedPostTableViewCell.swift in Sources */ = {isa = PBXBuildFile; fileRef = 0CC32DDD25AC1290008826DE /* IGFeedPostTableViewCell.swift */; };
		0CC32DE325AC1449008826DE /* IGFeedPostHeaderTableViewCell.swift in Sources */ = {isa = PBXBuildFile; fileRef = 0CC32DE225AC1449008826DE /* IGFeedPostHeaderTableViewCell.swift */; };
		0CC32DE925AC1468008826DE /* IGFeedPostActionsTableViewCell.swift in Sources */ = {isa = PBXBuildFile; fileRef = 0CC32DE825AC1468008826DE /* IGFeedPostActionsTableViewCell.swift */; };
		0CC32DED25AC148D008826DE /* IGFeedPostGeneralTableViewCell.swift in Sources */ = {isa = PBXBuildFile; fileRef = 0CC32DEC25AC148D008826DE /* IGFeedPostGeneralTableViewCell.swift */; };
		0CC32DF125B089D7008826DE /* FormTableViewCell.swift in Sources */ = {isa = PBXBuildFile; fileRef = 0CC32DF025B089D7008826DE /* FormTableViewCell.swift */; };
		0CC32DF825B0BDDD008826DE /* PhotoCollectionViewCell.swift in Sources */ = {isa = PBXBuildFile; fileRef = 0CC32DF725B0BDDD008826DE /* PhotoCollectionViewCell.swift */; };
		0CC32DFE25B0BE27008826DE /* ProfileInfoHeaderCollectionReusableView.swift in Sources */ = {isa = PBXBuildFile; fileRef = 0CC32DFD25B0BE27008826DE /* ProfileInfoHeaderCollectionReusableView.swift */; };
		0CC32E0225B0BE51008826DE /* ProfileTabsCollectionReusableView.swift in Sources */ = {isa = PBXBuildFile; fileRef = 0CC32E0125B0BE51008826DE /* ProfileTabsCollectionReusableView.swift */; };
		A93B0799E96AB72F27690B33 /* Pods_InstagramTests.framework in Frameworks */ = {isa = PBXBuildFile; fileRef = F57EA1CB3132B18315FAF21D /* Pods_InstagramTests.framework */; };
		D90EF03F2F4F420774F47834 /* Pods_Instagram_InstagramUITests.framework in Frameworks */ = {isa = PBXBuildFile; fileRef = 6AB11475F0AFB0BACAD8D70E /* Pods_Instagram_InstagramUITests.framework */; };
/* End PBXBuildFile section */

/* Begin PBXContainerItemProxy section */
		0C6A400C257C9D8300F40B4B /* PBXContainerItemProxy */ = {
			isa = PBXContainerItemProxy;
			containerPortal = 0C6A3FED257C9D7B00F40B4B /* Project object */;
			proxyType = 1;
			remoteGlobalIDString = 0C6A3FF4257C9D7B00F40B4B;
			remoteInfo = Instagram;
		};
		0C6A4017257C9D8400F40B4B /* PBXContainerItemProxy */ = {
			isa = PBXContainerItemProxy;
			containerPortal = 0C6A3FED257C9D7B00F40B4B /* Project object */;
			proxyType = 1;
			remoteGlobalIDString = 0C6A3FF4257C9D7B00F40B4B;
			remoteInfo = Instagram;
		};
/* End PBXContainerItemProxy section */

/* Begin PBXFileReference section */
		0C050C3725A9492B0027E77A /* FirebaseStorage.framework */ = {isa = PBXFileReference; explicitFileType = wrapper.framework; path = FirebaseStorage.framework; sourceTree = BUILT_PRODUCTS_DIR; };
		0C050C7025A949FE0027E77A /* FirebaseStorage.framework */ = {isa = PBXFileReference; explicitFileType = wrapper.framework; path = FirebaseStorage.framework; sourceTree = BUILT_PRODUCTS_DIR; };
		0C41AD6325825480003DECBF /* Property List.plist */ = {isa = PBXFileReference; lastKnownFileType = text.plist.xml; path = "Property List.plist"; sourceTree = "<group>"; };
		0C41AD9D25862956003DECBF /* CFNetwork.framework */ = {isa = PBXFileReference; lastKnownFileType = wrapper.framework; name = CFNetwork.framework; path = System/Library/Frameworks/CFNetwork.framework; sourceTree = SDKROOT; };
		0C4AD67625B337D4003789EB /* Models.swift */ = {isa = PBXFileReference; lastKnownFileType = sourcecode.swift; path = Models.swift; sourceTree = "<group>"; };
		0C4AD6A725B3F38E003789EB /* UserFollowerTableViewCell.swift */ = {isa = PBXFileReference; lastKnownFileType = sourcecode.swift; path = UserFollowerTableViewCell.swift; sourceTree = "<group>"; };
		0C4AD6AC25B572B2003789EB /* NoNotificationsView.swift */ = {isa = PBXFileReference; lastKnownFileType = sourcecode.swift; path = NoNotificationsView.swift; sourceTree = "<group>"; };
		0C4AD6B225B62B01003789EB /* NotficationFollowEventTableViewCell.swift */ = {isa = PBXFileReference; lastKnownFileType = sourcecode.swift; path = NotficationFollowEventTableViewCell.swift; sourceTree = "<group>"; };
		0C4AD6BA25B62B15003789EB /* NotificationLikeEventTableViewCell.swift */ = {isa = PBXFileReference; lastKnownFileType = sourcecode.swift; path = NotificationLikeEventTableViewCell.swift; sourceTree = "<group>"; };
		0C6A3FF5257C9D7B00F40B4B /* Instagram.app */ = {isa = PBXFileReference; explicitFileType = wrapper.application; includeInIndex = 0; path = Instagram.app; sourceTree = BUILT_PRODUCTS_DIR; };
		0C6A3FF8257C9D7B00F40B4B /* AppDelegate.swift */ = {isa = PBXFileReference; lastKnownFileType = sourcecode.swift; path = AppDelegate.swift; sourceTree = "<group>"; };
		0C6A3FFA257C9D7B00F40B4B /* SceneDelegate.swift */ = {isa = PBXFileReference; lastKnownFileType = sourcecode.swift; path = SceneDelegate.swift; sourceTree = "<group>"; };
		0C6A3FFC257C9D7B00F40B4B /* HomeViewController.swift */ = {isa = PBXFileReference; lastKnownFileType = sourcecode.swift; path = HomeViewController.swift; sourceTree = "<group>"; };
		0C6A3FFF257C9D7B00F40B4B /* Base */ = {isa = PBXFileReference; lastKnownFileType = file.storyboard; name = Base; path = Base.lproj/Main.storyboard; sourceTree = "<group>"; };
		0C6A4001257C9D8200F40B4B /* Assets.xcassets */ = {isa = PBXFileReference; lastKnownFileType = folder.assetcatalog; path = Assets.xcassets; sourceTree = "<group>"; };
		0C6A4004257C9D8200F40B4B /* Base */ = {isa = PBXFileReference; lastKnownFileType = file.storyboard; name = Base; path = Base.lproj/LaunchScreen.storyboard; sourceTree = "<group>"; };
		0C6A4006257C9D8200F40B4B /* Info.plist */ = {isa = PBXFileReference; lastKnownFileType = text.plist.xml; path = Info.plist; sourceTree = "<group>"; };
		0C6A400B257C9D8300F40B4B /* InstagramTests.xctest */ = {isa = PBXFileReference; explicitFileType = wrapper.cfbundle; includeInIndex = 0; path = InstagramTests.xctest; sourceTree = BUILT_PRODUCTS_DIR; };
		0C6A400F257C9D8400F40B4B /* InstagramTests.swift */ = {isa = PBXFileReference; lastKnownFileType = sourcecode.swift; path = InstagramTests.swift; sourceTree = "<group>"; };
		0C6A4011257C9D8400F40B4B /* Info.plist */ = {isa = PBXFileReference; lastKnownFileType = text.plist.xml; path = Info.plist; sourceTree = "<group>"; };
		0C6A4016257C9D8400F40B4B /* InstagramUITests.xctest */ = {isa = PBXFileReference; explicitFileType = wrapper.cfbundle; includeInIndex = 0; path = InstagramUITests.xctest; sourceTree = BUILT_PRODUCTS_DIR; };
		0C6A401A257C9D8400F40B4B /* InstagramUITests.swift */ = {isa = PBXFileReference; lastKnownFileType = sourcecode.swift; path = InstagramUITests.swift; sourceTree = "<group>"; };
		0C6A401C257C9D8400F40B4B /* Info.plist */ = {isa = PBXFileReference; lastKnownFileType = text.plist.xml; path = Info.plist; sourceTree = "<group>"; };
		0C6A4036257CA1A100F40B4B /* ExploreViewController.swift */ = {isa = PBXFileReference; lastKnownFileType = sourcecode.swift; path = ExploreViewController.swift; sourceTree = "<group>"; };
		0C6A403B257CA1AD00F40B4B /* CameraViewController.swift */ = {isa = PBXFileReference; lastKnownFileType = sourcecode.swift; path = CameraViewController.swift; sourceTree = "<group>"; };
		0C6A4040257CA1B800F40B4B /* NotificationsViewController.swift */ = {isa = PBXFileReference; lastKnownFileType = sourcecode.swift; path = NotificationsViewController.swift; sourceTree = "<group>"; };
		0C6A4045257CA1C300F40B4B /* ProfileViewController.swift */ = {isa = PBXFileReference; lastKnownFileType = sourcecode.swift; path = ProfileViewController.swift; sourceTree = "<group>"; };
		0C6A4050257CA22800F40B4B /* LoginViewController.swift */ = {isa = PBXFileReference; lastKnownFileType = sourcecode.swift; path = LoginViewController.swift; sourceTree = "<group>"; };
		0C6A4058257CA24100F40B4B /* RegistrationViewController.swift */ = {isa = PBXFileReference; lastKnownFileType = sourcecode.swift; path = RegistrationViewController.swift; sourceTree = "<group>"; };
		0C6A405D257CA30000F40B4B /* PostViewController.swift */ = {isa = PBXFileReference; lastKnownFileType = sourcecode.swift; path = PostViewController.swift; sourceTree = "<group>"; };
		0C6A4062257CA30C00F40B4B /* EditProfileViewController.swift */ = {isa = PBXFileReference; lastKnownFileType = sourcecode.swift; path = EditProfileViewController.swift; sourceTree = "<group>"; };
		0C6A4067257CA31900F40B4B /* SettingsViewController.swift */ = {isa = PBXFileReference; lastKnownFileType = sourcecode.swift; path = SettingsViewController.swift; sourceTree = "<group>"; };
		0C6A406C257CA32300F40B4B /* ListViewController.swift */ = {isa = PBXFileReference; lastKnownFileType = sourcecode.swift; path = ListViewController.swift; sourceTree = "<group>"; };
		0C6A4071257CA32F00F40B4B /* SearchViewController.swift */ = {isa = PBXFileReference; lastKnownFileType = sourcecode.swift; path = SearchViewController.swift; sourceTree = "<group>"; };
		0C6A4076257CA33B00F40B4B /* SearchResultViewController.swift */ = {isa = PBXFileReference; lastKnownFileType = sourcecode.swift; path = SearchResultViewController.swift; sourceTree = "<group>"; };
		0C6A407B257CA34C00F40B4B /* PostEditiorViewController.swift */ = {isa = PBXFileReference; lastKnownFileType = sourcecode.swift; path = PostEditiorViewController.swift; sourceTree = "<group>"; };
		0C6A4080257CA36000F40B4B /* PublishPostViewController.swift */ = {isa = PBXFileReference; lastKnownFileType = sourcecode.swift; path = PublishPostViewController.swift; sourceTree = "<group>"; };
		0C6F0D61257D0712005AFD5A /* DatabaseManager.swift */ = {isa = PBXFileReference; lastKnownFileType = sourcecode.swift; path = DatabaseManager.swift; sourceTree = "<group>"; };
		0C6F0D66257D07A9005AFD5A /* AuthManager.swift */ = {isa = PBXFileReference; lastKnownFileType = sourcecode.swift; path = AuthManager.swift; sourceTree = "<group>"; };
		0C6F0D6B257D07DA005AFD5A /* StorageManager.swift */ = {isa = PBXFileReference; lastKnownFileType = sourcecode.swift; path = StorageManager.swift; sourceTree = "<group>"; };
		0C6F0D88257D1488005AFD5A /* Extensions.swift */ = {isa = PBXFileReference; lastKnownFileType = sourcecode.swift; path = Extensions.swift; sourceTree = "<group>"; };
		0CC32DBD25AA759D008826DE /* GoogleService-Info.plist */ = {isa = PBXFileReference; fileEncoding = 4; lastKnownFileType = text.plist.xml; name = "GoogleService-Info.plist"; path = "../../../../Downloads/GoogleService-Info.plist"; sourceTree = "<group>"; };
		0CC32DDD25AC1290008826DE /* IGFeedPostTableViewCell.swift */ = {isa = PBXFileReference; lastKnownFileType = sourcecode.swift; path = IGFeedPostTableViewCell.swift; sourceTree = "<group>"; };
		0CC32DE225AC1449008826DE /* IGFeedPostHeaderTableViewCell.swift */ = {isa = PBXFileReference; lastKnownFileType = sourcecode.swift; path = IGFeedPostHeaderTableViewCell.swift; sourceTree = "<group>"; };
		0CC32DE825AC1468008826DE /* IGFeedPostActionsTableViewCell.swift */ = {isa = PBXFileReference; lastKnownFileType = sourcecode.swift; path = IGFeedPostActionsTableViewCell.swift; sourceTree = "<group>"; };
		0CC32DEC25AC148D008826DE /* IGFeedPostGeneralTableViewCell.swift */ = {isa = PBXFileReference; lastKnownFileType = sourcecode.swift; path = IGFeedPostGeneralTableViewCell.swift; sourceTree = "<group>"; };
		0CC32DF025B089D7008826DE /* FormTableViewCell.swift */ = {isa = PBXFileReference; lastKnownFileType = sourcecode.swift; path = FormTableViewCell.swift; sourceTree = "<group>"; };
		0CC32DF725B0BDDD008826DE /* PhotoCollectionViewCell.swift */ = {isa = PBXFileReference; lastKnownFileType = sourcecode.swift; path = PhotoCollectionViewCell.swift; sourceTree = "<group>"; };
		0CC32DFD25B0BE27008826DE /* ProfileInfoHeaderCollectionReusableView.swift */ = {isa = PBXFileReference; lastKnownFileType = sourcecode.swift; path = ProfileInfoHeaderCollectionReusableView.swift; sourceTree = "<group>"; };
		0CC32E0125B0BE51008826DE /* ProfileTabsCollectionReusableView.swift */ = {isa = PBXFileReference; lastKnownFileType = sourcecode.swift; path = ProfileTabsCollectionReusableView.swift; sourceTree = "<group>"; };
		37827560BC51489C902AF42A /* Pods-Instagram.debug.xcconfig */ = {isa = PBXFileReference; includeInIndex = 1; lastKnownFileType = text.xcconfig; name = "Pods-Instagram.debug.xcconfig"; path = "Target Support Files/Pods-Instagram/Pods-Instagram.debug.xcconfig"; sourceTree = "<group>"; };
		58A8759CB8D0C36BDD6A6D45 /* Pods-InstagramTests.debug.xcconfig */ = {isa = PBXFileReference; includeInIndex = 1; lastKnownFileType = text.xcconfig; name = "Pods-InstagramTests.debug.xcconfig"; path = "Target Support Files/Pods-InstagramTests/Pods-InstagramTests.debug.xcconfig"; sourceTree = "<group>"; };
		6AB11475F0AFB0BACAD8D70E /* Pods_Instagram_InstagramUITests.framework */ = {isa = PBXFileReference; explicitFileType = wrapper.framework; includeInIndex = 0; path = Pods_Instagram_InstagramUITests.framework; sourceTree = BUILT_PRODUCTS_DIR; };
		7AFB8B54AA3538B970E22DC3 /* Pods-Instagram-InstagramUITests.release.xcconfig */ = {isa = PBXFileReference; includeInIndex = 1; lastKnownFileType = text.xcconfig; name = "Pods-Instagram-InstagramUITests.release.xcconfig"; path = "Target Support Files/Pods-Instagram-InstagramUITests/Pods-Instagram-InstagramUITests.release.xcconfig"; sourceTree = "<group>"; };
		7EF17CCEBCCD62A60657E2CE /* Pods-Instagram-InstagramUITests.debug.xcconfig */ = {isa = PBXFileReference; includeInIndex = 1; lastKnownFileType = text.xcconfig; name = "Pods-Instagram-InstagramUITests.debug.xcconfig"; path = "Target Support Files/Pods-Instagram-InstagramUITests/Pods-Instagram-InstagramUITests.debug.xcconfig"; sourceTree = "<group>"; };
		AADD3FFF504F25BFAD5A8544 /* Pods_Instagram.framework */ = {isa = PBXFileReference; explicitFileType = wrapper.framework; includeInIndex = 0; path = Pods_Instagram.framework; sourceTree = BUILT_PRODUCTS_DIR; };
		EB419FFAD9E54118A87760A1 /* Pods-InstagramTests.release.xcconfig */ = {isa = PBXFileReference; includeInIndex = 1; lastKnownFileType = text.xcconfig; name = "Pods-InstagramTests.release.xcconfig"; path = "Target Support Files/Pods-InstagramTests/Pods-InstagramTests.release.xcconfig"; sourceTree = "<group>"; };
		F57EA1CB3132B18315FAF21D /* Pods_InstagramTests.framework */ = {isa = PBXFileReference; explicitFileType = wrapper.framework; includeInIndex = 0; path = Pods_InstagramTests.framework; sourceTree = BUILT_PRODUCTS_DIR; };
		FD314FFAEC8DD0BA90F2034D /* Pods-Instagram.release.xcconfig */ = {isa = PBXFileReference; includeInIndex = 1; lastKnownFileType = text.xcconfig; name = "Pods-Instagram.release.xcconfig"; path = "Target Support Files/Pods-Instagram/Pods-Instagram.release.xcconfig"; sourceTree = "<group>"; };
/* End PBXFileReference section */

/* Begin PBXFrameworksBuildPhase section */
		0C6A3FF2257C9D7B00F40B4B /* Frameworks */ = {
			isa = PBXFrameworksBuildPhase;
			buildActionMask = 2147483647;
			files = (
				0C41AD9F2586295B003DECBF /* CFNetwork.framework in Frameworks */,
				08364BCA00E486B410D1052D /* Pods_Instagram.framework in Frameworks */,
			);
			runOnlyForDeploymentPostprocessing = 0;
		};
		0C6A4008257C9D8300F40B4B /* Frameworks */ = {
			isa = PBXFrameworksBuildPhase;
			buildActionMask = 2147483647;
			files = (
				A93B0799E96AB72F27690B33 /* Pods_InstagramTests.framework in Frameworks */,
			);
			runOnlyForDeploymentPostprocessing = 0;
		};
		0C6A4013257C9D8400F40B4B /* Frameworks */ = {
			isa = PBXFrameworksBuildPhase;
			buildActionMask = 2147483647;
			files = (
				D90EF03F2F4F420774F47834 /* Pods_Instagram_InstagramUITests.framework in Frameworks */,
			);
			runOnlyForDeploymentPostprocessing = 0;
		};
/* End PBXFrameworksBuildPhase section */

/* Begin PBXGroup section */
		0C4AD6B125B62ADF003789EB /* Notifications */ = {
			isa = PBXGroup;
			children = (
				0C4AD6B225B62B01003789EB /* NotficationFollowEventTableViewCell.swift */,
				0C4AD6BA25B62B15003789EB /* NotificationLikeEventTableViewCell.swift */,
			);
			path = Notifications;
			sourceTree = "<group>";
		};
		0C6A3FEC257C9D7B00F40B4B = {
			isa = PBXGroup;
			children = (
				0C41AD6325825480003DECBF /* Property List.plist */,
				0C6A3FF7257C9D7B00F40B4B /* Instagram */,
				0C6A400E257C9D8400F40B4B /* InstagramTests */,
				0C6A4019257C9D8400F40B4B /* InstagramUITests */,
				0C6A3FF6257C9D7B00F40B4B /* Products */,
				84971CEE78C9EC00CC43A548 /* Pods */,
				8F0BAE80CC13EB9C678B1E67 /* Frameworks */,
			);
			sourceTree = "<group>";
		};
		0C6A3FF6257C9D7B00F40B4B /* Products */ = {
			isa = PBXGroup;
			children = (
				0C6A3FF5257C9D7B00F40B4B /* Instagram.app */,
				0C6A400B257C9D8300F40B4B /* InstagramTests.xctest */,
				0C6A4016257C9D8400F40B4B /* InstagramUITests.xctest */,
			);
			name = Products;
			sourceTree = "<group>";
		};
		0C6A3FF7257C9D7B00F40B4B /* Instagram */ = {
			isa = PBXGroup;
			children = (
				0C6A402E257C9E2B00F40B4B /* Resources */,
				0C6A402D257C9E2200F40B4B /* Views */,
				0C6A402C257C9E1A00F40B4B /* Models */,
				0C6A402B257C9DD200F40B4B /* Controllers */,
				0C6A4006257C9D8200F40B4B /* Info.plist */,
			);
			path = Instagram;
			sourceTree = "<group>";
		};
		0C6A400E257C9D8400F40B4B /* InstagramTests */ = {
			isa = PBXGroup;
			children = (
				0C6A400F257C9D8400F40B4B /* InstagramTests.swift */,
				0C6A4011257C9D8400F40B4B /* Info.plist */,
			);
			path = InstagramTests;
			sourceTree = "<group>";
		};
		0C6A4019257C9D8400F40B4B /* InstagramUITests */ = {
			isa = PBXGroup;
			children = (
				0C6A401A257C9D8400F40B4B /* InstagramUITests.swift */,
				0C6A401C257C9D8400F40B4B /* Info.plist */,
			);
			path = InstagramUITests;
			sourceTree = "<group>";
		};
		0C6A402B257C9DD200F40B4B /* Controllers */ = {
			isa = PBXGroup;
			children = (
				0C6A404E257CA21500F40B4B /* Other */,
				0C6A404A257CA20400F40B4B /* Core Tabs */,
			);
			path = Controllers;
			sourceTree = "<group>";
		};
		0C6A402C257C9E1A00F40B4B /* Models */ = {
			isa = PBXGroup;
			children = (
				0C4AD67625B337D4003789EB /* Models.swift */,
			);
			path = Models;
			sourceTree = "<group>";
		};
		0C6A402D257C9E2200F40B4B /* Views */ = {
			isa = PBXGroup;
			children = (
				0CC32DF625B0BD78008826DE /* CollecitonView Headers */,
				0CC32DDC25AC124F008826DE /* Cells */,
				0C6A4001257C9D8200F40B4B /* Assets.xcassets */,
				0C6A402F257C9E8B00F40B4B /* Storyboards */,
				0C4AD6AC25B572B2003789EB /* NoNotificationsView.swift */,
			);
			path = Views;
			sourceTree = "<group>";
		};
		0C6A402E257C9E2B00F40B4B /* Resources */ = {
			isa = PBXGroup;
			children = (
				0C6A3FF8257C9D7B00F40B4B /* AppDelegate.swift */,
				0C6A3FFA257C9D7B00F40B4B /* SceneDelegate.swift */,
				0C6F0D61257D0712005AFD5A /* DatabaseManager.swift */,
				0C6F0D66257D07A9005AFD5A /* AuthManager.swift */,
				0C6F0D6B257D07DA005AFD5A /* StorageManager.swift */,
				0C6F0D88257D1488005AFD5A /* Extensions.swift */,
				0CC32DBD25AA759D008826DE /* GoogleService-Info.plist */,
			);
			path = Resources;
			sourceTree = "<group>";
		};
		0C6A402F257C9E8B00F40B4B /* Storyboards */ = {
			isa = PBXGroup;
			children = (
				0C6A3FFE257C9D7B00F40B4B /* Main.storyboard */,
				0C6A4003257C9D8200F40B4B /* LaunchScreen.storyboard */,
			);
			path = Storyboards;
			sourceTree = "<group>";
		};
		0C6A404A257CA20400F40B4B /* Core Tabs */ = {
			isa = PBXGroup;
			children = (
				0C6A3FFC257C9D7B00F40B4B /* HomeViewController.swift */,
				0C6A4036257CA1A100F40B4B /* ExploreViewController.swift */,
				0C6A403B257CA1AD00F40B4B /* CameraViewController.swift */,
				0C6A4040257CA1B800F40B4B /* NotificationsViewController.swift */,
				0C6A4045257CA1C300F40B4B /* ProfileViewController.swift */,
			);
			path = "Core Tabs";
			sourceTree = "<group>";
		};
		0C6A404E257CA21500F40B4B /* Other */ = {
			isa = PBXGroup;
			children = (
				0C6A404F257CA21B00F40B4B /* Onboarding */,
				0C6F0D5D257D06C6005AFD5A /* General */,
			);
			path = Other;
			sourceTree = "<group>";
		};
		0C6A404F257CA21B00F40B4B /* Onboarding */ = {
			isa = PBXGroup;
			children = (
				0C6A4050257CA22800F40B4B /* LoginViewController.swift */,
				0C6A4058257CA24100F40B4B /* RegistrationViewController.swift */,
			);
			path = Onboarding;
			sourceTree = "<group>";
		};
		0C6F0D5D257D06C6005AFD5A /* General */ = {
			isa = PBXGroup;
			children = (
				0C6A405D257CA30000F40B4B /* PostViewController.swift */,
				0C6A4062257CA30C00F40B4B /* EditProfileViewController.swift */,
				0C6A4067257CA31900F40B4B /* SettingsViewController.swift */,
				0C6A406C257CA32300F40B4B /* ListViewController.swift */,
				0C6A4071257CA32F00F40B4B /* SearchViewController.swift */,
				0C6A4076257CA33B00F40B4B /* SearchResultViewController.swift */,
				0C6A407B257CA34C00F40B4B /* PostEditiorViewController.swift */,
				0C6A4080257CA36000F40B4B /* PublishPostViewController.swift */,
			);
			path = General;
			sourceTree = "<group>";
		};
		0CC32DDC25AC124F008826DE /* Cells */ = {
			isa = PBXGroup;
			children = (
				0C4AD6B125B62ADF003789EB /* Notifications */,
				0CC32DE125AC142D008826DE /* Home Feed & Post */,
				0CC32DF025B089D7008826DE /* FormTableViewCell.swift */,
				0CC32DF725B0BDDD008826DE /* PhotoCollectionViewCell.swift */,
				0C4AD6A725B3F38E003789EB /* UserFollowerTableViewCell.swift */,
			);
			path = Cells;
			sourceTree = "<group>";
		};
		0CC32DE125AC142D008826DE /* Home Feed & Post */ = {
			isa = PBXGroup;
			children = (
				0CC32DDD25AC1290008826DE /* IGFeedPostTableViewCell.swift */,
				0CC32DE225AC1449008826DE /* IGFeedPostHeaderTableViewCell.swift */,
				0CC32DE825AC1468008826DE /* IGFeedPostActionsTableViewCell.swift */,
				0CC32DEC25AC148D008826DE /* IGFeedPostGeneralTableViewCell.swift */,
			);
			path = "Home Feed & Post";
			sourceTree = "<group>";
		};
		0CC32DF625B0BD78008826DE /* CollecitonView Headers */ = {
			isa = PBXGroup;
			children = (
				0CC32DFD25B0BE27008826DE /* ProfileInfoHeaderCollectionReusableView.swift */,
				0CC32E0125B0BE51008826DE /* ProfileTabsCollectionReusableView.swift */,
			);
			path = "CollecitonView Headers";
			sourceTree = "<group>";
		};
		84971CEE78C9EC00CC43A548 /* Pods */ = {
			isa = PBXGroup;
			children = (
				37827560BC51489C902AF42A /* Pods-Instagram.debug.xcconfig */,
				FD314FFAEC8DD0BA90F2034D /* Pods-Instagram.release.xcconfig */,
				7EF17CCEBCCD62A60657E2CE /* Pods-Instagram-InstagramUITests.debug.xcconfig */,
				7AFB8B54AA3538B970E22DC3 /* Pods-Instagram-InstagramUITests.release.xcconfig */,
				58A8759CB8D0C36BDD6A6D45 /* Pods-InstagramTests.debug.xcconfig */,
				EB419FFAD9E54118A87760A1 /* Pods-InstagramTests.release.xcconfig */,
			);
			path = Pods;
			sourceTree = "<group>";
		};
		8F0BAE80CC13EB9C678B1E67 /* Frameworks */ = {
			isa = PBXGroup;
			children = (
				0C050C7025A949FE0027E77A /* FirebaseStorage.framework */,
				0C050C3725A9492B0027E77A /* FirebaseStorage.framework */,
				0C41AD9D25862956003DECBF /* CFNetwork.framework */,
				AADD3FFF504F25BFAD5A8544 /* Pods_Instagram.framework */,
				6AB11475F0AFB0BACAD8D70E /* Pods_Instagram_InstagramUITests.framework */,
				F57EA1CB3132B18315FAF21D /* Pods_InstagramTests.framework */,
			);
			name = Frameworks;
			sourceTree = "<group>";
		};
/* End PBXGroup section */

/* Begin PBXNativeTarget section */
		0C6A3FF4257C9D7B00F40B4B /* Instagram */ = {
			isa = PBXNativeTarget;
			buildConfigurationList = 0C6A401F257C9D8400F40B4B /* Build configuration list for PBXNativeTarget "Instagram" */;
			buildPhases = (
				5F092EEAC7BFBF9C6F551FCD /* [CP] Check Pods Manifest.lock */,
				0C6A3FF1257C9D7B00F40B4B /* Sources */,
				0C6A3FF2257C9D7B00F40B4B /* Frameworks */,
				0C6A3FF3257C9D7B00F40B4B /* Resources */,
				0F327F2CE59CB041916EB4D2 /* [CP] Embed Pods Frameworks */,
			);
			buildRules = (
			);
			dependencies = (
			);
			name = Instagram;
			productName = Instagram;
			productReference = 0C6A3FF5257C9D7B00F40B4B /* Instagram.app */;
			productType = "com.apple.product-type.application";
		};
		0C6A400A257C9D8300F40B4B /* InstagramTests */ = {
			isa = PBXNativeTarget;
			buildConfigurationList = 0C6A4022257C9D8400F40B4B /* Build configuration list for PBXNativeTarget "InstagramTests" */;
			buildPhases = (
				C9CD6624AEF2CB81A9821ED9 /* [CP] Check Pods Manifest.lock */,
				0C6A4007257C9D8300F40B4B /* Sources */,
				0C6A4008257C9D8300F40B4B /* Frameworks */,
				0C6A4009257C9D8300F40B4B /* Resources */,
			);
			buildRules = (
			);
			dependencies = (
				0C6A400D257C9D8300F40B4B /* PBXTargetDependency */,
			);
			name = InstagramTests;
			productName = InstagramTests;
			productReference = 0C6A400B257C9D8300F40B4B /* InstagramTests.xctest */;
			productType = "com.apple.product-type.bundle.unit-test";
		};
		0C6A4015257C9D8400F40B4B /* InstagramUITests */ = {
			isa = PBXNativeTarget;
			buildConfigurationList = 0C6A4025257C9D8400F40B4B /* Build configuration list for PBXNativeTarget "InstagramUITests" */;
			buildPhases = (
				FCB051E79D950090483858E0 /* [CP] Check Pods Manifest.lock */,
				0C6A4012257C9D8400F40B4B /* Sources */,
				0C6A4013257C9D8400F40B4B /* Frameworks */,
				0C6A4014257C9D8400F40B4B /* Resources */,
				C19A455C63E6BCC21B3D3A12 /* [CP] Embed Pods Frameworks */,
			);
			buildRules = (
			);
			dependencies = (
				0C6A4018257C9D8400F40B4B /* PBXTargetDependency */,
			);
			name = InstagramUITests;
			productName = InstagramUITests;
			productReference = 0C6A4016257C9D8400F40B4B /* InstagramUITests.xctest */;
			productType = "com.apple.product-type.bundle.ui-testing";
		};
/* End PBXNativeTarget section */

/* Begin PBXProject section */
		0C6A3FED257C9D7B00F40B4B /* Project object */ = {
			isa = PBXProject;
			attributes = {
				LastSwiftUpdateCheck = 1220;
				LastUpgradeCheck = 1220;
				TargetAttributes = {
					0C6A3FF4257C9D7B00F40B4B = {
						CreatedOnToolsVersion = 12.2;
					};
					0C6A400A257C9D8300F40B4B = {
						CreatedOnToolsVersion = 12.2;
						TestTargetID = 0C6A3FF4257C9D7B00F40B4B;
					};
					0C6A4015257C9D8400F40B4B = {
						CreatedOnToolsVersion = 12.2;
						TestTargetID = 0C6A3FF4257C9D7B00F40B4B;
					};
				};
			};
			buildConfigurationList = 0C6A3FF0257C9D7B00F40B4B /* Build configuration list for PBXProject "Instagram" */;
			compatibilityVersion = "Xcode 9.3";
			developmentRegion = en;
			hasScannedForEncodings = 0;
			knownRegions = (
				en,
				Base,
			);
			mainGroup = 0C6A3FEC257C9D7B00F40B4B;
			productRefGroup = 0C6A3FF6257C9D7B00F40B4B /* Products */;
			projectDirPath = "";
			projectRoot = "";
			targets = (
				0C6A3FF4257C9D7B00F40B4B /* Instagram */,
				0C6A400A257C9D8300F40B4B /* InstagramTests */,
				0C6A4015257C9D8400F40B4B /* InstagramUITests */,
			);
		};
/* End PBXProject section */

/* Begin PBXResourcesBuildPhase section */
		0C6A3FF3257C9D7B00F40B4B /* Resources */ = {
			isa = PBXResourcesBuildPhase;
			buildActionMask = 2147483647;
			files = (
				0C6A4005257C9D8200F40B4B /* LaunchScreen.storyboard in Resources */,
				0C6A4002257C9D8200F40B4B /* Assets.xcassets in Resources */,
				0C6A4000257C9D7B00F40B4B /* Main.storyboard in Resources */,
				0CC32DBE25AA759D008826DE /* GoogleService-Info.plist in Resources */,
				0C41AD6425825480003DECBF /* Property List.plist in Resources */,
			);
			runOnlyForDeploymentPostprocessing = 0;
		};
		0C6A4009257C9D8300F40B4B /* Resources */ = {
			isa = PBXResourcesBuildPhase;
			buildActionMask = 2147483647;
			files = (
			);
			runOnlyForDeploymentPostprocessing = 0;
		};
		0C6A4014257C9D8400F40B4B /* Resources */ = {
			isa = PBXResourcesBuildPhase;
			buildActionMask = 2147483647;
			files = (
			);
			runOnlyForDeploymentPostprocessing = 0;
		};
/* End PBXResourcesBuildPhase section */

/* Begin PBXShellScriptBuildPhase section */
		0F327F2CE59CB041916EB4D2 /* [CP] Embed Pods Frameworks */ = {
			isa = PBXShellScriptBuildPhase;
			buildActionMask = 2147483647;
			files = (
			);
			inputFileListPaths = (
				"${PODS_ROOT}/Target Support Files/Pods-Instagram/Pods-Instagram-frameworks-${CONFIGURATION}-input-files.xcfilelist",
			);
			name = "[CP] Embed Pods Frameworks";
			outputFileListPaths = (
				"${PODS_ROOT}/Target Support Files/Pods-Instagram/Pods-Instagram-frameworks-${CONFIGURATION}-output-files.xcfilelist",
			);
			runOnlyForDeploymentPostprocessing = 0;
			shellPath = /bin/sh;
			shellScript = "\"${PODS_ROOT}/Target Support Files/Pods-Instagram/Pods-Instagram-frameworks.sh\"\n";
			showEnvVarsInLog = 0;
		};
		5F092EEAC7BFBF9C6F551FCD /* [CP] Check Pods Manifest.lock */ = {
			isa = PBXShellScriptBuildPhase;
			buildActionMask = 2147483647;
			files = (
			);
			inputFileListPaths = (
			);
			inputPaths = (
				"${PODS_PODFILE_DIR_PATH}/Podfile.lock",
				"${PODS_ROOT}/Manifest.lock",
			);
			name = "[CP] Check Pods Manifest.lock";
			outputFileListPaths = (
			);
			outputPaths = (
				"$(DERIVED_FILE_DIR)/Pods-Instagram-checkManifestLockResult.txt",
			);
			runOnlyForDeploymentPostprocessing = 0;
			shellPath = /bin/sh;
			shellScript = "diff \"${PODS_PODFILE_DIR_PATH}/Podfile.lock\" \"${PODS_ROOT}/Manifest.lock\" > /dev/null\nif [ $? != 0 ] ; then\n    # print error to STDERR\n    echo \"error: The sandbox is not in sync with the Podfile.lock. Run 'pod install' or update your CocoaPods installation.\" >&2\n    exit 1\nfi\n# This output is used by Xcode 'outputs' to avoid re-running this script phase.\necho \"SUCCESS\" > \"${SCRIPT_OUTPUT_FILE_0}\"\n";
			showEnvVarsInLog = 0;
		};
		C19A455C63E6BCC21B3D3A12 /* [CP] Embed Pods Frameworks */ = {
			isa = PBXShellScriptBuildPhase;
			buildActionMask = 2147483647;
			files = (
			);
			inputFileListPaths = (
				"${PODS_ROOT}/Target Support Files/Pods-Instagram-InstagramUITests/Pods-Instagram-InstagramUITests-frameworks-${CONFIGURATION}-input-files.xcfilelist",
			);
			name = "[CP] Embed Pods Frameworks";
			outputFileListPaths = (
				"${PODS_ROOT}/Target Support Files/Pods-Instagram-InstagramUITests/Pods-Instagram-InstagramUITests-frameworks-${CONFIGURATION}-output-files.xcfilelist",
			);
			runOnlyForDeploymentPostprocessing = 0;
			shellPath = /bin/sh;
			shellScript = "\"${PODS_ROOT}/Target Support Files/Pods-Instagram-InstagramUITests/Pods-Instagram-InstagramUITests-frameworks.sh\"\n";
			showEnvVarsInLog = 0;
		};
		C9CD6624AEF2CB81A9821ED9 /* [CP] Check Pods Manifest.lock */ = {
			isa = PBXShellScriptBuildPhase;
			buildActionMask = 2147483647;
			files = (
			);
			inputFileListPaths = (
			);
			inputPaths = (
				"${PODS_PODFILE_DIR_PATH}/Podfile.lock",
				"${PODS_ROOT}/Manifest.lock",
			);
			name = "[CP] Check Pods Manifest.lock";
			outputFileListPaths = (
			);
			outputPaths = (
				"$(DERIVED_FILE_DIR)/Pods-InstagramTests-checkManifestLockResult.txt",
			);
			runOnlyForDeploymentPostprocessing = 0;
			shellPath = /bin/sh;
			shellScript = "diff \"${PODS_PODFILE_DIR_PATH}/Podfile.lock\" \"${PODS_ROOT}/Manifest.lock\" > /dev/null\nif [ $? != 0 ] ; then\n    # print error to STDERR\n    echo \"error: The sandbox is not in sync with the Podfile.lock. Run 'pod install' or update your CocoaPods installation.\" >&2\n    exit 1\nfi\n# This output is used by Xcode 'outputs' to avoid re-running this script phase.\necho \"SUCCESS\" > \"${SCRIPT_OUTPUT_FILE_0}\"\n";
			showEnvVarsInLog = 0;
		};
		FCB051E79D950090483858E0 /* [CP] Check Pods Manifest.lock */ = {
			isa = PBXShellScriptBuildPhase;
			buildActionMask = 2147483647;
			files = (
			);
			inputFileListPaths = (
			);
			inputPaths = (
				"${PODS_PODFILE_DIR_PATH}/Podfile.lock",
				"${PODS_ROOT}/Manifest.lock",
			);
			name = "[CP] Check Pods Manifest.lock";
			outputFileListPaths = (
			);
			outputPaths = (
				"$(DERIVED_FILE_DIR)/Pods-Instagram-InstagramUITests-checkManifestLockResult.txt",
			);
			runOnlyForDeploymentPostprocessing = 0;
			shellPath = /bin/sh;
			shellScript = "diff \"${PODS_PODFILE_DIR_PATH}/Podfile.lock\" \"${PODS_ROOT}/Manifest.lock\" > /dev/null\nif [ $? != 0 ] ; then\n    # print error to STDERR\n    echo \"error: The sandbox is not in sync with the Podfile.lock. Run 'pod install' or update your CocoaPods installation.\" >&2\n    exit 1\nfi\n# This output is used by Xcode 'outputs' to avoid re-running this script phase.\necho \"SUCCESS\" > \"${SCRIPT_OUTPUT_FILE_0}\"\n";
			showEnvVarsInLog = 0;
		};
/* End PBXShellScriptBuildPhase section */

/* Begin PBXSourcesBuildPhase section */
		0C6A3FF1257C9D7B00F40B4B /* Sources */ = {
			isa = PBXSourcesBuildPhase;
			buildActionMask = 2147483647;
			files = (
				0C6A4063257CA30C00F40B4B /* EditProfileViewController.swift in Sources */,
				0C6A4037257CA1A100F40B4B /* ExploreViewController.swift in Sources */,
				0C6A4081257CA36000F40B4B /* PublishPostViewController.swift in Sources */,
				0C6A403C257CA1AD00F40B4B /* CameraViewController.swift in Sources */,
				0C6A4041257CA1B800F40B4B /* NotificationsViewController.swift in Sources */,
				0C6A4059257CA24100F40B4B /* RegistrationViewController.swift in Sources */,
				0C4AD6AD25B572B2003789EB /* NoNotificationsView.swift in Sources */,
				0CC32DE325AC1449008826DE /* IGFeedPostHeaderTableViewCell.swift in Sources */,
				0C6A405E257CA30000F40B4B /* PostViewController.swift in Sources */,
				0C6F0D6C257D07DA005AFD5A /* StorageManager.swift in Sources */,
				0C4AD6B325B62B01003789EB /* NotficationFollowEventTableViewCell.swift in Sources */,
				0C4AD67725B337D4003789EB /* Models.swift in Sources */,
				0CC32DF125B089D7008826DE /* FormTableViewCell.swift in Sources */,
				0C6A3FFD257C9D7B00F40B4B /* HomeViewController.swift in Sources */,
				0CC32E0225B0BE51008826DE /* ProfileTabsCollectionReusableView.swift in Sources */,
				0C6F0D62257D0712005AFD5A /* DatabaseManager.swift in Sources */,
				0C6A4077257CA33B00F40B4B /* SearchResultViewController.swift in Sources */,
				0CC32DDE25AC1290008826DE /* IGFeedPostTableViewCell.swift in Sources */,
				0CC32DF825B0BDDD008826DE /* PhotoCollectionViewCell.swift in Sources */,
				0C6A4051257CA22800F40B4B /* LoginViewController.swift in Sources */,
				0C6A4072257CA32F00F40B4B /* SearchViewController.swift in Sources */,
				0C6F0D89257D1488005AFD5A /* Extensions.swift in Sources */,
				0CC32DED25AC148D008826DE /* IGFeedPostGeneralTableViewCell.swift in Sources */,
				0C6A4046257CA1C300F40B4B /* ProfileViewController.swift in Sources */,
				0C4AD6BB25B62B15003789EB /* NotificationLikeEventTableViewCell.swift in Sources */,
				0CC32DFE25B0BE27008826DE /* ProfileInfoHeaderCollectionReusableView.swift in Sources */,
				0C6A3FF9257C9D7B00F40B4B /* AppDelegate.swift in Sources */,
				0C6F0D67257D07A9005AFD5A /* AuthManager.swift in Sources */,
				0C6A3FFB257C9D7B00F40B4B /* SceneDelegate.swift in Sources */,
				0C4AD6A825B3F38E003789EB /* UserFollowerTableViewCell.swift in Sources */,
				0C6A406D257CA32300F40B4B /* ListViewController.swift in Sources */,
				0CC32DE925AC1468008826DE /* IGFeedPostActionsTableViewCell.swift in Sources */,
				0C6A4068257CA31900F40B4B /* SettingsViewController.swift in Sources */,
				0C6A407C257CA34C00F40B4B /* PostEditiorViewController.swift in Sources */,
			);
			runOnlyForDeploymentPostprocessing = 0;
		};
		0C6A4007257C9D8300F40B4B /* Sources */ = {
			isa = PBXSourcesBuildPhase;
			buildActionMask = 2147483647;
			files = (
				0C6A4010257C9D8400F40B4B /* InstagramTests.swift in Sources */,
			);
			runOnlyForDeploymentPostprocessing = 0;
		};
		0C6A4012257C9D8400F40B4B /* Sources */ = {
			isa = PBXSourcesBuildPhase;
			buildActionMask = 2147483647;
			files = (
				0C6A401B257C9D8400F40B4B /* InstagramUITests.swift in Sources */,
			);
			runOnlyForDeploymentPostprocessing = 0;
		};
/* End PBXSourcesBuildPhase section */

/* Begin PBXTargetDependency section */
		0C6A400D257C9D8300F40B4B /* PBXTargetDependency */ = {
			isa = PBXTargetDependency;
			target = 0C6A3FF4257C9D7B00F40B4B /* Instagram */;
			targetProxy = 0C6A400C257C9D8300F40B4B /* PBXContainerItemProxy */;
		};
		0C6A4018257C9D8400F40B4B /* PBXTargetDependency */ = {
			isa = PBXTargetDependency;
			target = 0C6A3FF4257C9D7B00F40B4B /* Instagram */;
			targetProxy = 0C6A4017257C9D8400F40B4B /* PBXContainerItemProxy */;
		};
/* End PBXTargetDependency section */

/* Begin PBXVariantGroup section */
		0C6A3FFE257C9D7B00F40B4B /* Main.storyboard */ = {
			isa = PBXVariantGroup;
			children = (
				0C6A3FFF257C9D7B00F40B4B /* Base */,
			);
			name = Main.storyboard;
			sourceTree = "<group>";
		};
		0C6A4003257C9D8200F40B4B /* LaunchScreen.storyboard */ = {
			isa = PBXVariantGroup;
			children = (
				0C6A4004257C9D8200F40B4B /* Base */,
			);
			name = LaunchScreen.storyboard;
			sourceTree = "<group>";
		};
/* End PBXVariantGroup section */

/* Begin XCBuildConfiguration section */
		0C6A401D257C9D8400F40B4B /* Debug */ = {
			isa = XCBuildConfiguration;
			buildSettings = {
				ALWAYS_SEARCH_USER_PATHS = NO;
				CLANG_ANALYZER_NONNULL = YES;
				CLANG_ANALYZER_NUMBER_OBJECT_CONVERSION = YES_AGGRESSIVE;
				CLANG_CXX_LANGUAGE_STANDARD = "gnu++14";
				CLANG_CXX_LIBRARY = "libc++";
				CLANG_ENABLE_MODULES = YES;
				CLANG_ENABLE_OBJC_ARC = YES;
				CLANG_ENABLE_OBJC_WEAK = YES;
				CLANG_WARN_BLOCK_CAPTURE_AUTORELEASING = YES;
				CLANG_WARN_BOOL_CONVERSION = YES;
				CLANG_WARN_COMMA = YES;
				CLANG_WARN_CONSTANT_CONVERSION = YES;
				CLANG_WARN_DEPRECATED_OBJC_IMPLEMENTATIONS = YES;
				CLANG_WARN_DIRECT_OBJC_ISA_USAGE = YES_ERROR;
				CLANG_WARN_DOCUMENTATION_COMMENTS = YES;
				CLANG_WARN_EMPTY_BODY = YES;
				CLANG_WARN_ENUM_CONVERSION = YES;
				CLANG_WARN_INFINITE_RECURSION = YES;
				CLANG_WARN_INT_CONVERSION = YES;
				CLANG_WARN_NON_LITERAL_NULL_CONVERSION = YES;
				CLANG_WARN_OBJC_IMPLICIT_RETAIN_SELF = YES;
				CLANG_WARN_OBJC_LITERAL_CONVERSION = YES;
				CLANG_WARN_OBJC_ROOT_CLASS = YES_ERROR;
				CLANG_WARN_QUOTED_INCLUDE_IN_FRAMEWORK_HEADER = YES;
				CLANG_WARN_RANGE_LOOP_ANALYSIS = YES;
				CLANG_WARN_STRICT_PROTOTYPES = YES;
				CLANG_WARN_SUSPICIOUS_MOVE = YES;
				CLANG_WARN_UNGUARDED_AVAILABILITY = YES_AGGRESSIVE;
				CLANG_WARN_UNREACHABLE_CODE = YES;
				CLANG_WARN__DUPLICATE_METHOD_MATCH = YES;
				COPY_PHASE_STRIP = NO;
				DEBUG_INFORMATION_FORMAT = dwarf;
				ENABLE_STRICT_OBJC_MSGSEND = YES;
				ENABLE_TESTABILITY = YES;
				"EXCLUDED_ARCHS[sdk=iphonesimulator*]" = arm64;
				GCC_C_LANGUAGE_STANDARD = gnu11;
				GCC_DYNAMIC_NO_PIC = NO;
				GCC_NO_COMMON_BLOCKS = YES;
				GCC_OPTIMIZATION_LEVEL = 0;
				GCC_PREPROCESSOR_DEFINITIONS = (
					"DEBUG=1",
					"$(inherited)",
				);
				GCC_WARN_64_TO_32_BIT_CONVERSION = YES;
				GCC_WARN_ABOUT_RETURN_TYPE = YES_ERROR;
				GCC_WARN_UNDECLARED_SELECTOR = YES;
				GCC_WARN_UNINITIALIZED_AUTOS = YES_AGGRESSIVE;
				GCC_WARN_UNUSED_FUNCTION = YES;
				GCC_WARN_UNUSED_VARIABLE = YES;
				IPHONEOS_DEPLOYMENT_TARGET = 14.3;
				MTL_ENABLE_DEBUG_INFO = INCLUDE_SOURCE;
				MTL_FAST_MATH = YES;
				ONLY_ACTIVE_ARCH = YES;
				SDKROOT = iphoneos;
				SWIFT_ACTIVE_COMPILATION_CONDITIONS = DEBUG;
				SWIFT_OPTIMIZATION_LEVEL = "-Onone";
			};
			name = Debug;
		};
		0C6A401E257C9D8400F40B4B /* Release */ = {
			isa = XCBuildConfiguration;
			buildSettings = {
				ALWAYS_SEARCH_USER_PATHS = NO;
				CLANG_ANALYZER_NONNULL = YES;
				CLANG_ANALYZER_NUMBER_OBJECT_CONVERSION = YES_AGGRESSIVE;
				CLANG_CXX_LANGUAGE_STANDARD = "gnu++14";
				CLANG_CXX_LIBRARY = "libc++";
				CLANG_ENABLE_MODULES = YES;
				CLANG_ENABLE_OBJC_ARC = YES;
				CLANG_ENABLE_OBJC_WEAK = YES;
				CLANG_WARN_BLOCK_CAPTURE_AUTORELEASING = YES;
				CLANG_WARN_BOOL_CONVERSION = YES;
				CLANG_WARN_COMMA = YES;
				CLANG_WARN_CONSTANT_CONVERSION = YES;
				CLANG_WARN_DEPRECATED_OBJC_IMPLEMENTATIONS = YES;
				CLANG_WARN_DIRECT_OBJC_ISA_USAGE = YES_ERROR;
				CLANG_WARN_DOCUMENTATION_COMMENTS = YES;
				CLANG_WARN_EMPTY_BODY = YES;
				CLANG_WARN_ENUM_CONVERSION = YES;
				CLANG_WARN_INFINITE_RECURSION = YES;
				CLANG_WARN_INT_CONVERSION = YES;
				CLANG_WARN_NON_LITERAL_NULL_CONVERSION = YES;
				CLANG_WARN_OBJC_IMPLICIT_RETAIN_SELF = YES;
				CLANG_WARN_OBJC_LITERAL_CONVERSION = YES;
				CLANG_WARN_OBJC_ROOT_CLASS = YES_ERROR;
				CLANG_WARN_QUOTED_INCLUDE_IN_FRAMEWORK_HEADER = YES;
				CLANG_WARN_RANGE_LOOP_ANALYSIS = YES;
				CLANG_WARN_STRICT_PROTOTYPES = YES;
				CLANG_WARN_SUSPICIOUS_MOVE = YES;
				CLANG_WARN_UNGUARDED_AVAILABILITY = YES_AGGRESSIVE;
				CLANG_WARN_UNREACHABLE_CODE = YES;
				CLANG_WARN__DUPLICATE_METHOD_MATCH = YES;
				COPY_PHASE_STRIP = NO;
				DEBUG_INFORMATION_FORMAT = "dwarf-with-dsym";
				ENABLE_NS_ASSERTIONS = NO;
				ENABLE_STRICT_OBJC_MSGSEND = YES;
				"EXCLUDED_ARCHS[sdk=iphonesimulator*]" = arm64;
				GCC_C_LANGUAGE_STANDARD = gnu11;
				GCC_NO_COMMON_BLOCKS = YES;
				GCC_WARN_64_TO_32_BIT_CONVERSION = YES;
				GCC_WARN_ABOUT_RETURN_TYPE = YES_ERROR;
				GCC_WARN_UNDECLARED_SELECTOR = YES;
				GCC_WARN_UNINITIALIZED_AUTOS = YES_AGGRESSIVE;
				GCC_WARN_UNUSED_FUNCTION = YES;
				GCC_WARN_UNUSED_VARIABLE = YES;
				IPHONEOS_DEPLOYMENT_TARGET = 14.3;
				MTL_ENABLE_DEBUG_INFO = NO;
				MTL_FAST_MATH = YES;
				ONLY_ACTIVE_ARCH = YES;
				SDKROOT = iphoneos;
				SWIFT_COMPILATION_MODE = wholemodule;
				SWIFT_OPTIMIZATION_LEVEL = "-O";
				VALIDATE_PRODUCT = YES;
			};
			name = Release;
		};
		0C6A4020257C9D8400F40B4B /* Debug */ = {
			isa = XCBuildConfiguration;
			baseConfigurationReference = 37827560BC51489C902AF42A /* Pods-Instagram.debug.xcconfig */;
			buildSettings = {
				ASSETCATALOG_COMPILER_APPICON_NAME = AppIcon;
				ASSETCATALOG_COMPILER_GLOBAL_ACCENT_COLOR_NAME = AccentColor;
				CODE_SIGN_IDENTITY = "Apple Development";
				CODE_SIGN_STYLE = Automatic;
				DEVELOPMENT_TEAM = 36G4DFX35Z;
				EXCLUDED_ARCHS = arm64;
				"EXCLUDED_ARCHS[sdk=iphonesimulator*]" = arm64;
				INFOPLIST_FILE = Instagram/Info.plist;
				IPHONEOS_DEPLOYMENT_TARGET = 14.2;
				LD_RUNPATH_SEARCH_PATHS = (
					"$(inherited)",
					"@executable_path/Frameworks",
				);
				ONLY_ACTIVE_ARCH = NO;
				PRODUCT_BUNDLE_IDENTIFIER = com.dennisthegenius.Instagram;
				PRODUCT_NAME = "$(TARGET_NAME)";
				PROVISIONING_PROFILE_SPECIFIER = "";
				SWIFT_VERSION = 5.0;
				TARGETED_DEVICE_FAMILY = "1,2";
			};
			name = Debug;
		};
		0C6A4021257C9D8400F40B4B /* Release */ = {
			isa = XCBuildConfiguration;
			baseConfigurationReference = FD314FFAEC8DD0BA90F2034D /* Pods-Instagram.release.xcconfig */;
			buildSettings = {
				ASSETCATALOG_COMPILER_APPICON_NAME = AppIcon;
				ASSETCATALOG_COMPILER_GLOBAL_ACCENT_COLOR_NAME = AccentColor;
				CODE_SIGN_IDENTITY = "Apple Development";
				CODE_SIGN_STYLE = Automatic;
				DEVELOPMENT_TEAM = 36G4DFX35Z;
				EXCLUDED_ARCHS = arm64;
				"EXCLUDED_ARCHS[sdk=iphonesimulator*]" = arm64;
				INFOPLIST_FILE = Instagram/Info.plist;
				IPHONEOS_DEPLOYMENT_TARGET = 14.2;
				LD_RUNPATH_SEARCH_PATHS = (
					"$(inherited)",
					"@executable_path/Frameworks",
				);
				ONLY_ACTIVE_ARCH = NO;
				PRODUCT_BUNDLE_IDENTIFIER = com.dennisthegenius.Instagram;
				PRODUCT_NAME = "$(TARGET_NAME)";
				PROVISIONING_PROFILE_SPECIFIER = "";
				SWIFT_VERSION = 5.0;
				TARGETED_DEVICE_FAMILY = "1,2";
			};
			name = Release;
		};
		0C6A4023257C9D8400F40B4B /* Debug */ = {
			isa = XCBuildConfiguration;
			baseConfigurationReference = 58A8759CB8D0C36BDD6A6D45 /* Pods-InstagramTests.debug.xcconfig */;
			buildSettings = {
				ALWAYS_EMBED_SWIFT_STANDARD_LIBRARIES = YES;
				BUNDLE_LOADER = "$(TEST_HOST)";
				CODE_SIGN_STYLE = Automatic;
				DEVELOPMENT_TEAM = 36G4DFX35Z;
				INFOPLIST_FILE = InstagramTests/Info.plist;
				IPHONEOS_DEPLOYMENT_TARGET = 14.2;
				LD_RUNPATH_SEARCH_PATHS = (
					"$(inherited)",
					"@executable_path/Frameworks",
					"@loader_path/Frameworks",
				);
				PRODUCT_BUNDLE_IDENTIFIER = com.dennisthegenius.InstagramTests;
				PRODUCT_NAME = "$(TARGET_NAME)";
				SWIFT_VERSION = 5.0;
				TARGETED_DEVICE_FAMILY = "1,2";
				TEST_HOST = "$(BUILT_PRODUCTS_DIR)/Instagram.app/Instagram";
			};
			name = Debug;
		};
		0C6A4024257C9D8400F40B4B /* Release */ = {
			isa = XCBuildConfiguration;
			baseConfigurationReference = EB419FFAD9E54118A87760A1 /* Pods-InstagramTests.release.xcconfig */;
			buildSettings = {
				ALWAYS_EMBED_SWIFT_STANDARD_LIBRARIES = YES;
				BUNDLE_LOADER = "$(TEST_HOST)";
				CODE_SIGN_STYLE = Automatic;
				DEVELOPMENT_TEAM = 36G4DFX35Z;
				INFOPLIST_FILE = InstagramTests/Info.plist;
				IPHONEOS_DEPLOYMENT_TARGET = 14.2;
				LD_RUNPATH_SEARCH_PATHS = (
					"$(inherited)",
					"@executable_path/Frameworks",
					"@loader_path/Frameworks",
				);
				PRODUCT_BUNDLE_IDENTIFIER = com.dennisthegenius.InstagramTests;
				PRODUCT_NAME = "$(TARGET_NAME)";
				SWIFT_VERSION = 5.0;
				TARGETED_DEVICE_FAMILY = "1,2";
				TEST_HOST = "$(BUILT_PRODUCTS_DIR)/Instagram.app/Instagram";
			};
			name = Release;
		};
		0C6A4026257C9D8400F40B4B /* Debug */ = {
			isa = XCBuildConfiguration;
			baseConfigurationReference = 7EF17CCEBCCD62A60657E2CE /* Pods-Instagram-InstagramUITests.debug.xcconfig */;
			buildSettings = {
				ALWAYS_EMBED_SWIFT_STANDARD_LIBRARIES = YES;
				CODE_SIGN_STYLE = Automatic;
				DEVELOPMENT_TEAM = 36G4DFX35Z;
				INFOPLIST_FILE = InstagramUITests/Info.plist;
				LD_RUNPATH_SEARCH_PATHS = (
					"$(inherited)",
					"@executable_path/Frameworks",
					"@loader_path/Frameworks",
				);
				PRODUCT_BUNDLE_IDENTIFIER = com.dennisthegenius.InstagramUITests;
				PRODUCT_NAME = "$(TARGET_NAME)";
				SWIFT_VERSION = 5.0;
				TARGETED_DEVICE_FAMILY = "1,2";
				TEST_TARGET_NAME = Instagram;
			};
			name = Debug;
		};
		0C6A4027257C9D8400F40B4B /* Release */ = {
			isa = XCBuildConfiguration;
			baseConfigurationReference = 7AFB8B54AA3538B970E22DC3 /* Pods-Instagram-InstagramUITests.release.xcconfig */;
			buildSettings = {
				ALWAYS_EMBED_SWIFT_STANDARD_LIBRARIES = YES;
				CODE_SIGN_STYLE = Automatic;
				DEVELOPMENT_TEAM = 36G4DFX35Z;
				INFOPLIST_FILE = InstagramUITests/Info.plist;
				LD_RUNPATH_SEARCH_PATHS = (
					"$(inherited)",
					"@executable_path/Frameworks",
					"@loader_path/Frameworks",
				);
				PRODUCT_BUNDLE_IDENTIFIER = com.dennisthegenius.InstagramUITests;
				PRODUCT_NAME = "$(TARGET_NAME)";
				SWIFT_VERSION = 5.0;
				TARGETED_DEVICE_FAMILY = "1,2";
				TEST_TARGET_NAME = Instagram;
			};
			name = Release;
		};
/* End XCBuildConfiguration section */

/* Begin XCConfigurationList section */
		0C6A3FF0257C9D7B00F40B4B /* Build configuration list for PBXProject "Instagram" */ = {
			isa = XCConfigurationList;
			buildConfigurations = (
				0C6A401D257C9D8400F40B4B /* Debug */,
				0C6A401E257C9D8400F40B4B /* Release */,
			);
			defaultConfigurationIsVisible = 0;
			defaultConfigurationName = Release;
		};
		0C6A401F257C9D8400F40B4B /* Build configuration list for PBXNativeTarget "Instagram" */ = {
			isa = XCConfigurationList;
			buildConfigurations = (
				0C6A4020257C9D8400F40B4B /* Debug */,
				0C6A4021257C9D8400F40B4B /* Release */,
			);
			defaultConfigurationIsVisible = 0;
			defaultConfigurationName = Release;
		};
		0C6A4022257C9D8400F40B4B /* Build configuration list for PBXNativeTarget "InstagramTests" */ = {
			isa = XCConfigurationList;
			buildConfigurations = (
				0C6A4023257C9D8400F40B4B /* Debug */,
				0C6A4024257C9D8400F40B4B /* Release */,
			);
			defaultConfigurationIsVisible = 0;
			defaultConfigurationName = Release;
		};
		0C6A4025257C9D8400F40B4B /* Build configuration list for PBXNativeTarget "InstagramUITests" */ = {
			isa = XCConfigurationList;
			buildConfigurations = (
				0C6A4026257C9D8400F40B4B /* Debug */,
				0C6A4027257C9D8400F40B4B /* Release */,
			);
			defaultConfigurationIsVisible = 0;
			defaultConfigurationName = Release;
		};
/* End XCConfigurationList section */
	};
	rootObject = 0C6A3FED257C9D7B00F40B4B /* Project object */;
}
